
Microsoft Visual Studio Solution File, Format Version 12.00
# Visual Studio Version 16
VisualStudioVersion = 16.0.29613.14
MinimumVisualStudioVersion = 10.0.40219.1
Project("{888888A0-9F3D-457C-B088-3A5042F75D52}") = "TestIG", "TestIG\TestIG.pyproj", "{71FA60F0-409D-4253-A212-C6AD31E56BC0}"
EndProject
Global
	GlobalSection(SolutionConfigurationPlatforms) = preSolution
		Debug|Any CPU = Debug|Any CPU
		Release|Any CPU = Release|Any CPU
	EndGlobalSection
	GlobalSection(ProjectConfigurationPlatforms) = postSolution
		{71FA60F0-409D-4253-A212-C6AD31E56BC0}.Debug|Any CPU.ActiveCfg = Debug|Any CPU
		{71FA60F0-409D-4253-A212-C6AD31E56BC0}.Release|Any CPU.ActiveCfg = Release|Any CPU
	EndGlobalSection
	GlobalSection(SolutionProperties) = preSolution
		HideSolutionNode = FALSE
	EndGlobalSection
	GlobalSection(ExtensibilityGlobals) = postSolution
		SolutionGuid = {104D000D-C8AD-4915-B18D-A75A5672C08E}
	EndGlobalSection
EndGlobal
